
Microsoft Visual Studio Solution File, Format Version 12.00
# Visual Studio 15
VisualStudioVersion = 15.0.27703.2000
MinimumVisualStudioVersion = 10.0.40219.1
Project("{FAE04EC0-301F-11D3-BF4B-00C04F79EFBC}") = "WritingToAFile", "WritingToAFile\WritingToAFile.csproj", "{95A164A8-F6C5-4F9D-A7B9-9FE130F0EAEE}"
EndProject
Global
	GlobalSection(SolutionConfigurationPlatforms) = preSolution
		Debug|Any CPU = Debug|Any CPU
		Release|Any CPU = Release|Any CPU
	EndGlobalSection
	GlobalSection(ProjectConfigurationPlatforms) = postSolution
		{95A164A8-F6C5-4F9D-A7B9-9FE130F0EAEE}.Debug|Any CPU.ActiveCfg = Debug|Any CPU
		{95A164A8-F6C5-4F9D-A7B9-9FE130F0EAEE}.Debug|Any CPU.Build.0 = Debug|Any CPU
		{95A164A8-F6C5-4F9D-A7B9-9FE130F0EAEE}.Release|Any CPU.ActiveCfg = Release|Any CPU
		{95A164A8-F6C5-4F9D-A7B9-9FE130F0EAEE}.Release|Any CPU.Build.0 = Release|Any CPU
	EndGlobalSection
	GlobalSection(SolutionProperties) = preSolution
		HideSolutionNode = FALSE
	EndGlobalSection
	GlobalSection(ExtensibilityGlobals) = postSolution
		SolutionGuid = {B3702650-3DB2-4B01-BA01-2F59BD8A6F1A}
	EndGlobalSection
EndGlobal
